// !$*UTF8*$!
{
	archiveVersion = 1;
	classes = {
	};
	objectVersion = 46;
	objects = {

/* Begin PBXBuildFile section */
		4908EAE71C074526002B291C /* AppDelegate.swift in Sources */ = {isa = PBXBuildFile; fileRef = 4908EAE61C074526002B291C /* AppDelegate.swift */; };
		4908EAE91C074526002B291C /* ViewController.swift in Sources */ = {isa = PBXBuildFile; fileRef = 4908EAE81C074526002B291C /* ViewController.swift */; };
		4908EAEC1C074526002B291C /* Main.storyboard in Resources */ = {isa = PBXBuildFile; fileRef = 4908EAEA1C074526002B291C /* Main.storyboard */; };
		4908EAEE1C074526002B291C /* Assets.xcassets in Resources */ = {isa = PBXBuildFile; fileRef = 4908EAED1C074526002B291C /* Assets.xcassets */; };
		4908EAF11C074526002B291C /* LaunchScreen.storyboard in Resources */ = {isa = PBXBuildFile; fileRef = 4908EAEF1C074526002B291C /* LaunchScreen.storyboard */; };
		4908EAF91C07518B002B291C /* configuration.json in Resources */ = {isa = PBXBuildFile; fileRef = 4908EAF81C07518B002B291C /* configuration.json */; };
		4908EB011C0856E4002B291C /* NightsWatchTests.swift in Sources */ = {isa = PBXBuildFile; fileRef = 4908EB001C0856E4002B291C /* NightsWatchTests.swift */; };
		4908EB081C0857D6002B291C /* ViewController.swift in Sources */ = {isa = PBXBuildFile; fileRef = 4908EAE81C074526002B291C /* ViewController.swift */; };
		4908EB0A1C08588D002B291C /* test-configuration.json in Resources */ = {isa = PBXBuildFile; fileRef = 4908EB091C08588D002B291C /* test-configuration.json */; };
		E59347D156A7046FD90921EC /* Pods.framework in Frameworks */ = {isa = PBXBuildFile; fileRef = 12FE44B25EC2623BC3B01F82 /* Pods.framework */; };
/* End PBXBuildFile section */

/* Begin PBXContainerItemProxy section */
		4908EB031C0856E4002B291C /* PBXContainerItemProxy */ = {
			isa = PBXContainerItemProxy;
			containerPortal = 4908EADB1C074526002B291C /* Project object */;
			proxyType = 1;
			remoteGlobalIDString = 4908EAE21C074526002B291C;
			remoteInfo = NightsWatch;
		};
/* End PBXContainerItemProxy section */

/* Begin PBXFileReference section */
		12FE44B25EC2623BC3B01F82 /* Pods.framework */ = {isa = PBXFileReference; explicitFileType = wrapper.framework; includeInIndex = 0; path = Pods.framework; sourceTree = BUILT_PRODUCTS_DIR; };
		4908EAE31C074526002B291C /* NightsWatch.app */ = {isa = PBXFileReference; explicitFileType = wrapper.application; includeInIndex = 0; path = NightsWatch.app; sourceTree = BUILT_PRODUCTS_DIR; };
		4908EAE61C074526002B291C /* AppDelegate.swift */ = {isa = PBXFileReference; lastKnownFileType = sourcecode.swift; path = AppDelegate.swift; sourceTree = "<group>"; };
		4908EAE81C074526002B291C /* ViewController.swift */ = {isa = PBXFileReference; lastKnownFileType = sourcecode.swift; path = ViewController.swift; sourceTree = "<group>"; };
		4908EAEB1C074526002B291C /* Base */ = {isa = PBXFileReference; lastKnownFileType = file.storyboard; name = Base; path = Base.lproj/Main.storyboard; sourceTree = "<group>"; };
		4908EAED1C074526002B291C /* Assets.xcassets */ = {isa = PBXFileReference; lastKnownFileType = folder.assetcatalog; path = Assets.xcassets; sourceTree = "<group>"; };
		4908EAF01C074526002B291C /* Base */ = {isa = PBXFileReference; lastKnownFileType = file.storyboard; name = Base; path = Base.lproj/LaunchScreen.storyboard; sourceTree = "<group>"; };
		4908EAF21C074526002B291C /* Info.plist */ = {isa = PBXFileReference; lastKnownFileType = text.plist.xml; path = Info.plist; sourceTree = "<group>"; };
		4908EAF81C07518B002B291C /* configuration.json */ = {isa = PBXFileReference; fileEncoding = 4; lastKnownFileType = text.json; path = configuration.json; sourceTree = "<group>"; };
		4908EAFE1C0856E4002B291C /* NightsWatchTests.xctest */ = {isa = PBXFileReference; explicitFileType = wrapper.cfbundle; includeInIndex = 0; path = NightsWatchTests.xctest; sourceTree = BUILT_PRODUCTS_DIR; };
		4908EB001C0856E4002B291C /* NightsWatchTests.swift */ = {isa = PBXFileReference; lastKnownFileType = sourcecode.swift; path = NightsWatchTests.swift; sourceTree = "<group>"; };
		4908EB021C0856E4002B291C /* Info.plist */ = {isa = PBXFileReference; lastKnownFileType = text.plist.xml; path = Info.plist; sourceTree = "<group>"; };
		4908EB091C08588D002B291C /* test-configuration.json */ = {isa = PBXFileReference; fileEncoding = 4; lastKnownFileType = text.json; path = "test-configuration.json"; sourceTree = "<group>"; };
		D59D4F0A19C1DF62509B6C09 /* Pods.release.xcconfig */ = {isa = PBXFileReference; includeInIndex = 1; lastKnownFileType = text.xcconfig; name = Pods.release.xcconfig; path = "Pods/Target Support Files/Pods/Pods.release.xcconfig"; sourceTree = "<group>"; };
		E21322D6D48C9DC256E56B23 /* Pods.debug.xcconfig */ = {isa = PBXFileReference; includeInIndex = 1; lastKnownFileType = text.xcconfig; name = Pods.debug.xcconfig; path = "Pods/Target Support Files/Pods/Pods.debug.xcconfig"; sourceTree = "<group>"; };
/* End PBXFileReference section */

/* Begin PBXFrameworksBuildPhase section */
		4908EAE01C074526002B291C /* Frameworks */ = {
			isa = PBXFrameworksBuildPhase;
			buildActionMask = 2147483647;
			files = (
				E59347D156A7046FD90921EC /* Pods.framework in Frameworks */,
			);
			runOnlyForDeploymentPostprocessing = 0;
		};
		4908EAFB1C0856E4002B291C /* Frameworks */ = {
			isa = PBXFrameworksBuildPhase;
			buildActionMask = 2147483647;
			files = (
			);
			runOnlyForDeploymentPostprocessing = 0;
		};
/* End PBXFrameworksBuildPhase section */

/* Begin PBXGroup section */
		4908EADA1C074526002B291C = {
			isa = PBXGroup;
			children = (
				4908EAE51C074526002B291C /* NightsWatch */,
				4908EAFF1C0856E4002B291C /* NightsWatchTests */,
				4908EAE41C074526002B291C /* Products */,
				4DA9627D9235ED594671396B /* Pods */,
				6A5C53380E5BD3FA8FDF7B60 /* Frameworks */,
			);
			sourceTree = "<group>";
		};
		4908EAE41C074526002B291C /* Products */ = {
			isa = PBXGroup;
			children = (
				4908EAE31C074526002B291C /* NightsWatch.app */,
				4908EAFE1C0856E4002B291C /* NightsWatchTests.xctest */,
			);
			name = Products;
			sourceTree = "<group>";
		};
		4908EAE51C074526002B291C /* NightsWatch */ = {
			isa = PBXGroup;
			children = (
				4908EAE61C074526002B291C /* AppDelegate.swift */,
				4908EAE81C074526002B291C /* ViewController.swift */,
				4908EAF81C07518B002B291C /* configuration.json */,
				4908EAEA1C074526002B291C /* Main.storyboard */,
				4908EAED1C074526002B291C /* Assets.xcassets */,
				4908EAEF1C074526002B291C /* LaunchScreen.storyboard */,
				4908EAF21C074526002B291C /* Info.plist */,
			);
			path = NightsWatch;
			sourceTree = "<group>";
		};
		4908EAFF1C0856E4002B291C /* NightsWatchTests */ = {
			isa = PBXGroup;
			children = (
				4908EB091C08588D002B291C /* test-configuration.json */,
				4908EB001C0856E4002B291C /* NightsWatchTests.swift */,
				4908EB021C0856E4002B291C /* Info.plist */,
			);
			path = NightsWatchTests;
			sourceTree = "<group>";
		};
		4DA9627D9235ED594671396B /* Pods */ = {
			isa = PBXGroup;
			children = (
				E21322D6D48C9DC256E56B23 /* Pods.debug.xcconfig */,
				D59D4F0A19C1DF62509B6C09 /* Pods.release.xcconfig */,
			);
			name = Pods;
			sourceTree = "<group>";
		};
		6A5C53380E5BD3FA8FDF7B60 /* Frameworks */ = {
			isa = PBXGroup;
			children = (
				12FE44B25EC2623BC3B01F82 /* Pods.framework */,
			);
			name = Frameworks;
			sourceTree = "<group>";
		};
/* End PBXGroup section */

/* Begin PBXNativeTarget section */
		4908EAE21C074526002B291C /* NightsWatch */ = {
			isa = PBXNativeTarget;
			buildConfigurationList = 4908EAF51C074526002B291C /* Build configuration list for PBXNativeTarget "NightsWatch" */;
			buildPhases = (
				6C1C4A3EC1ABBD0820C828FE /* Check Pods Manifest.lock */,
				4908EADF1C074526002B291C /* Sources */,
				4908EAE01C074526002B291C /* Frameworks */,
				4908EAE11C074526002B291C /* Resources */,
				3A5516BAC182E3B05630092A /* Embed Pods Frameworks */,
				F6A6BB974B10733A3A8BF739 /* Copy Pods Resources */,
			);
			buildRules = (
			);
			dependencies = (
			);
			name = NightsWatch;
			productName = NightsWatch;
			productReference = 4908EAE31C074526002B291C /* NightsWatch.app */;
			productType = "com.apple.product-type.application";
		};
		4908EAFD1C0856E4002B291C /* NightsWatchTests */ = {
			isa = PBXNativeTarget;
			buildConfigurationList = 4908EB071C0856E4002B291C /* Build configuration list for PBXNativeTarget "NightsWatchTests" */;
			buildPhases = (
				4908EAFA1C0856E4002B291C /* Sources */,
				4908EAFB1C0856E4002B291C /* Frameworks */,
				4908EAFC1C0856E4002B291C /* Resources */,
			);
			buildRules = (
			);
			dependencies = (
				4908EB041C0856E4002B291C /* PBXTargetDependency */,
			);
			name = NightsWatchTests;
			productName = NightsWatchTests;
			productReference = 4908EAFE1C0856E4002B291C /* NightsWatchTests.xctest */;
			productType = "com.apple.product-type.bundle.unit-test";
		};
/* End PBXNativeTarget section */

/* Begin PBXProject section */
		4908EADB1C074526002B291C /* Project object */ = {
			isa = PBXProject;
			attributes = {
				LastSwiftUpdateCheck = 0710;
				LastUpgradeCheck = 0710;
				ORGANIZATIONNAME = WebComrades;
				TargetAttributes = {
					4908EAE21C074526002B291C = {
						CreatedOnToolsVersion = 7.1.1;
					};
					4908EAFD1C0856E4002B291C = {
						CreatedOnToolsVersion = 7.1.1;
						TestTargetID = 4908EAE21C074526002B291C;
					};
				};
			};
			buildConfigurationList = 4908EADE1C074526002B291C /* Build configuration list for PBXProject "NightsWatch" */;
			compatibilityVersion = "Xcode 3.2";
			developmentRegion = English;
			hasScannedForEncodings = 0;
			knownRegions = (
				en,
				Base,
			);
			mainGroup = 4908EADA1C074526002B291C;
			productRefGroup = 4908EAE41C074526002B291C /* Products */;
			projectDirPath = "";
			projectRoot = "";
			targets = (
				4908EAE21C074526002B291C /* NightsWatch */,
				4908EAFD1C0856E4002B291C /* NightsWatchTests */,
			);
		};
/* End PBXProject section */

/* Begin PBXResourcesBuildPhase section */
		4908EAE11C074526002B291C /* Resources */ = {
			isa = PBXResourcesBuildPhase;
			buildActionMask = 2147483647;
			files = (
				4908EAF11C074526002B291C /* LaunchScreen.storyboard in Resources */,
				4908EAEE1C074526002B291C /* Assets.xcassets in Resources */,
				4908EAF91C07518B002B291C /* configuration.json in Resources */,
				4908EAEC1C074526002B291C /* Main.storyboard in Resources */,
			);
			runOnlyForDeploymentPostprocessing = 0;
		};
		4908EAFC1C0856E4002B291C /* Resources */ = {
			isa = PBXResourcesBuildPhase;
			buildActionMask = 2147483647;
			files = (
				4908EB0A1C08588D002B291C /* test-configuration.json in Resources */,
			);
			runOnlyForDeploymentPostprocessing = 0;
		};
/* End PBXResourcesBuildPhase section */

/* Begin PBXShellScriptBuildPhase section */
		3A5516BAC182E3B05630092A /* Embed Pods Frameworks */ = {
			isa = PBXShellScriptBuildPhase;
			buildActionMask = 2147483647;
			files = (
			);
			inputPaths = (
			);
			name = "Embed Pods Frameworks";
			outputPaths = (
			);
			runOnlyForDeploymentPostprocessing = 0;
			shellPath = /bin/sh;
			shellScript = "\"${SRCROOT}/Pods/Target Support Files/Pods/Pods-frameworks.sh\"\n";
			showEnvVarsInLog = 0;
		};
		6C1C4A3EC1ABBD0820C828FE /* Check Pods Manifest.lock */ = {
			isa = PBXShellScriptBuildPhase;
			buildActionMask = 2147483647;
			files = (
			);
			inputPaths = (
			);
			name = "Check Pods Manifest.lock";
			outputPaths = (
			);
			runOnlyForDeploymentPostprocessing = 0;
			shellPath = /bin/sh;
			shellScript = "diff \"${PODS_ROOT}/../Podfile.lock\" \"${PODS_ROOT}/Manifest.lock\" > /dev/null\nif [[ $? != 0 ]] ; then\n    cat << EOM\nerror: The sandbox is not in sync with the Podfile.lock. Run 'pod install' or update your CocoaPods installation.\nEOM\n    exit 1\nfi\n";
			showEnvVarsInLog = 0;
		};
		F6A6BB974B10733A3A8BF739 /* Copy Pods Resources */ = {
			isa = PBXShellScriptBuildPhase;
			buildActionMask = 2147483647;
			files = (
			);
			inputPaths = (
			);
			name = "Copy Pods Resources";
			outputPaths = (
			);
			runOnlyForDeploymentPostprocessing = 0;
			shellPath = /bin/sh;
			shellScript = "\"${SRCROOT}/Pods/Target Support Files/Pods/Pods-resources.sh\"\n";
			showEnvVarsInLog = 0;
		};
/* End PBXShellScriptBuildPhase section */

/* Begin PBXSourcesBuildPhase section */
		4908EADF1C074526002B291C /* Sources */ = {
			isa = PBXSourcesBuildPhase;
			buildActionMask = 2147483647;
			files = (
				4908EAE91C074526002B291C /* ViewController.swift in Sources */,
				4908EAE71C074526002B291C /* AppDelegate.swift in Sources */,
			);
			runOnlyForDeploymentPostprocessing = 0;
		};
		4908EAFA1C0856E4002B291C /* Sources */ = {
			isa = PBXSourcesBuildPhase;
			buildActionMask = 2147483647;
			files = (
				4908EB081C0857D6002B291C /* ViewController.swift in Sources */,
				4908EB011C0856E4002B291C /* NightsWatchTests.swift in Sources */,
			);
			runOnlyForDeploymentPostprocessing = 0;
		};
/* End PBXSourcesBuildPhase section */

/* Begin PBXTargetDependency section */
		4908EB041C0856E4002B291C /* PBXTargetDependency */ = {
			isa = PBXTargetDependency;
			target = 4908EAE21C074526002B291C /* NightsWatch */;
			targetProxy = 4908EB031C0856E4002B291C /* PBXContainerItemProxy */;
		};
/* End PBXTargetDependency section */

/* Begin PBXVariantGroup section */
		4908EAEA1C074526002B291C /* Main.storyboard */ = {
			isa = PBXVariantGroup;
			children = (
				4908EAEB1C074526002B291C /* Base */,
			);
			name = Main.storyboard;
			sourceTree = "<group>";
		};
		4908EAEF1C074526002B291C /* LaunchScreen.storyboard */ = {
			isa = PBXVariantGroup;
			children = (
				4908EAF01C074526002B291C /* Base */,
			);
			name = LaunchScreen.storyboard;
			sourceTree = "<group>";
		};
/* End PBXVariantGroup section */

/* Begin XCBuildConfiguration section */
		4908EAF31C074526002B291C /* Debug */ = {
			isa = XCBuildConfiguration;
			buildSettings = {
				ALWAYS_SEARCH_USER_PATHS = NO;
				CLANG_CXX_LANGUAGE_STANDARD = "gnu++0x";
				CLANG_CXX_LIBRARY = "libc++";
				CLANG_ENABLE_MODULES = YES;
				CLANG_ENABLE_OBJC_ARC = YES;
				CLANG_WARN_BOOL_CONVERSION = YES;
				CLANG_WARN_CONSTANT_CONVERSION = YES;
				CLANG_WARN_DIRECT_OBJC_ISA_USAGE = YES_ERROR;
				CLANG_WARN_EMPTY_BODY = YES;
				CLANG_WARN_ENUM_CONVERSION = YES;
				CLANG_WARN_INT_CONVERSION = YES;
				CLANG_WARN_OBJC_ROOT_CLASS = YES_ERROR;
				CLANG_WARN_UNREACHABLE_CODE = YES;
				CLANG_WARN__DUPLICATE_METHOD_MATCH = YES;
				"CODE_SIGN_IDENTITY[sdk=iphoneos*]" = "iPhone Developer";
				COPY_PHASE_STRIP = NO;
				DEBUG_INFORMATION_FORMAT = dwarf;
				ENABLE_STRICT_OBJC_MSGSEND = YES;
				ENABLE_TESTABILITY = YES;
				GCC_C_LANGUAGE_STANDARD = gnu99;
				GCC_DYNAMIC_NO_PIC = NO;
				GCC_NO_COMMON_BLOCKS = YES;
				GCC_OPTIMIZATION_LEVEL = 0;
				GCC_PREPROCESSOR_DEFINITIONS = (
					"DEBUG=1",
					"$(inherited)",
				);
				GCC_WARN_64_TO_32_BIT_CONVERSION = YES;
				GCC_WARN_ABOUT_RETURN_TYPE = YES_ERROR;
				GCC_WARN_UNDECLARED_SELECTOR = YES;
				GCC_WARN_UNINITIALIZED_AUTOS = YES_AGGRESSIVE;
				GCC_WARN_UNUSED_FUNCTION = YES;
				GCC_WARN_UNUSED_VARIABLE = YES;
				IPHONEOS_DEPLOYMENT_TARGET = 9.1;
				MTL_ENABLE_DEBUG_INFO = YES;
				ONLY_ACTIVE_ARCH = YES;
				SDKROOT = iphoneos;
				SWIFT_OPTIMIZATION_LEVEL = "-Onone";
			};
			name = Debug;
		};
		4908EAF41C074526002B291C /* Release */ = {
			isa = XCBuildConfiguration;
			buildSettings = {
				ALWAYS_SEARCH_USER_PATHS = NO;
				CLANG_CXX_LANGUAGE_STANDARD = "gnu++0x";
				CLANG_CXX_LIBRARY = "libc++";
				CLANG_ENABLE_MODULES = YES;
				CLANG_ENABLE_OBJC_ARC = YES;
				CLANG_WARN_BOOL_CONVERSION = YES;
				CLANG_WARN_CONSTANT_CONVERSION = YES;
				CLANG_WARN_DIRECT_OBJC_ISA_USAGE = YES_ERROR;
				CLANG_WARN_EMPTY_BODY = YES;
				CLANG_WARN_ENUM_CONVERSION = YES;
				CLANG_WARN_INT_CONVERSION = YES;
				CLANG_WARN_OBJC_ROOT_CLASS = YES_ERROR;
				CLANG_WARN_UNREACHABLE_CODE = YES;
				CLANG_WARN__DUPLICATE_METHOD_MATCH = YES;
				"CODE_SIGN_IDENTITY[sdk=iphoneos*]" = "iPhone Developer";
				COPY_PHASE_STRIP = NO;
				DEBUG_INFORMATION_FORMAT = "dwarf-with-dsym";
				ENABLE_NS_ASSERTIONS = NO;
				ENABLE_STRICT_OBJC_MSGSEND = YES;
				GCC_C_LANGUAGE_STANDARD = gnu99;
				GCC_NO_COMMON_BLOCKS = YES;
				GCC_WARN_64_TO_32_BIT_CONVERSION = YES;
				GCC_WARN_ABOUT_RETURN_TYPE = YES_ERROR;
				GCC_WARN_UNDECLARED_SELECTOR = YES;
				GCC_WARN_UNINITIALIZED_AUTOS = YES_AGGRESSIVE;
				GCC_WARN_UNUSED_FUNCTION = YES;
				GCC_WARN_UNUSED_VARIABLE = YES;
				IPHONEOS_DEPLOYMENT_TARGET = 9.1;
				MTL_ENABLE_DEBUG_INFO = NO;
				SDKROOT = iphoneos;
				VALIDATE_PRODUCT = YES;
			};
			name = Release;
		};
		4908EAF61C074526002B291C /* Debug */ = {
			isa = XCBuildConfiguration;
			baseConfigurationReference = E21322D6D48C9DC256E56B23 /* Pods.debug.xcconfig */;
			buildSettings = {
				ASSETCATALOG_COMPILER_APPICON_NAME = AppIcon;
				INFOPLIST_FILE = NightsWatch/Info.plist;
				LD_RUNPATH_SEARCH_PATHS = "$(inherited) @executable_path/Frameworks";
				PRODUCT_BUNDLE_IDENTIFIER = com.WebComrades.NightsWatch;
				PRODUCT_NAME = "$(TARGET_NAME)";
			};
			name = Debug;
		};
		4908EAF71C074526002B291C /* Release */ = {
			isa = XCBuildConfiguration;
			baseConfigurationReference = D59D4F0A19C1DF62509B6C09 /* Pods.release.xcconfig */;
			buildSettings = {
				ASSETCATALOG_COMPILER_APPICON_NAME = AppIcon;
				INFOPLIST_FILE = NightsWatch/Info.plist;
				LD_RUNPATH_SEARCH_PATHS = "$(inherited) @executable_path/Frameworks";
				PRODUCT_BUNDLE_IDENTIFIER = com.WebComrades.NightsWatch;
				PRODUCT_NAME = "$(TARGET_NAME)";
			};
			name = Release;
		};
		4908EB051C0856E4002B291C /* Debug */ = {
			isa = XCBuildConfiguration;
			buildSettings = {
				BUNDLE_LOADER = "$(TEST_HOST)";
				INFOPLIST_FILE = NightsWatchTests/Info.plist;
				LD_RUNPATH_SEARCH_PATHS = "$(inherited) @executable_path/Frameworks @loader_path/Frameworks";
				PRODUCT_BUNDLE_IDENTIFIER = com.WebComrades.NightsWatchTests;
				PRODUCT_NAME = "$(TARGET_NAME)";
				TEST_HOST = "$(BUILT_PRODUCTS_DIR)/NightsWatch.app/NightsWatch";
			};
			name = Debug;
		};
		4908EB061C0856E4002B291C /* Release */ = {
			isa = XCBuildConfiguration;
			buildSettings = {
				BUNDLE_LOADER = "$(TEST_HOST)";
				INFOPLIST_FILE = NightsWatchTests/Info.plist;
				LD_RUNPATH_SEARCH_PATHS = "$(inherited) @executable_path/Frameworks @loader_path/Frameworks";
				PRODUCT_BUNDLE_IDENTIFIER = com.WebComrades.NightsWatchTests;
				PRODUCT_NAME = "$(TARGET_NAME)";
				TEST_HOST = "$(BUILT_PRODUCTS_DIR)/NightsWatch.app/NightsWatch";
			};
			name = Release;
		};
/* End XCBuildConfiguration section */

/* Begin XCConfigurationList section */
		4908EADE1C074526002B291C /* Build configuration list for PBXProject "NightsWatch" */ = {
			isa = XCConfigurationList;
			buildConfigurations = (
				4908EAF31C074526002B291C /* Debug */,
				4908EAF41C074526002B291C /* Release */,
			);
			defaultConfigurationIsVisible = 0;
			defaultConfigurationName = Release;
		};
		4908EAF51C074526002B291C /* Build configuration list for PBXNativeTarget "NightsWatch" */ = {
			isa = XCConfigurationList;
			buildConfigurations = (
				4908EAF61C074526002B291C /* Debug */,
				4908EAF71C074526002B291C /* Release */,
			);
			defaultConfigurationIsVisible = 0;
			defaultConfigurationName = Release;
		};
		4908EB071C0856E4002B291C /* Build configuration list for PBXNativeTarget "NightsWatchTests" */ = {
			isa = XCConfigurationList;
			buildConfigurations = (
				4908EB051C0856E4002B291C /* Debug */,
				4908EB061C0856E4002B291C /* Release */,
			);
			defaultConfigurationIsVisible = 0;
		};
/* End XCConfigurationList section */
	};
	rootObject = 4908EADB1C074526002B291C /* Project object */;
}
